// !$*UTF8*$!
{
	archiveVersion = 1;
	classes = {
	};
	objectVersion = 46;
	objects = {

/* Begin PBXBuildFile section */
		1F8556D114774F510064A80C /* UIKit.framework in Frameworks */ = {isa = PBXBuildFile; fileRef = 1F8556D014774F510064A80C /* UIKit.framework */; };
		1F8556D314774F510064A80C /* Foundation.framework in Frameworks */ = {isa = PBXBuildFile; fileRef = 1F8556D214774F510064A80C /* Foundation.framework */; };
		1F8556D514774F510064A80C /* CoreGraphics.framework in Frameworks */ = {isa = PBXBuildFile; fileRef = 1F8556D414774F510064A80C /* CoreGraphics.framework */; };
		1F8556DB14774F510064A80C /* InfoPlist.strings in Resources */ = {isa = PBXBuildFile; fileRef = 1F8556D914774F510064A80C /* InfoPlist.strings */; };
		1F8556DD14774F510064A80C /* main.m in Sources */ = {isa = PBXBuildFile; fileRef = 1F8556DC14774F510064A80C /* main.m */; };
		1F8556E114774F510064A80C /* QuizAppDelegate.m in Sources */ = {isa = PBXBuildFile; fileRef = 1F8556E014774F510064A80C /* QuizAppDelegate.m */; };
		1F8556E414774F510064A80C /* MainWindow.xib in Resources */ = {isa = PBXBuildFile; fileRef = 1F8556E214774F510064A80C /* MainWindow.xib */; };
/* End PBXBuildFile section */

/* Begin PBXFileReference section */
		1F8556CC14774F510064A80C /* Quiz.app */ = {isa = PBXFileReference; explicitFileType = wrapper.application; includeInIndex = 0; path = Quiz.app; sourceTree = BUILT_PRODUCTS_DIR; };
		1F8556D014774F510064A80C /* UIKit.framework */ = {isa = PBXFileReference; lastKnownFileType = wrapper.framework; name = UIKit.framework; path = System/Library/Frameworks/UIKit.framework; sourceTree = SDKROOT; };
		1F8556D214774F510064A80C /* Foundation.framework */ = {isa = PBXFileReference; lastKnownFileType = wrapper.framework; name = Foundation.framework; path = System/Library/Frameworks/Foundation.framework; sourceTree = SDKROOT; };
		1F8556D414774F510064A80C /* CoreGraphics.framework */ = {isa = PBXFileReference; lastKnownFileType = wrapper.framework; name = CoreGraphics.framework; path = System/Library/Frameworks/CoreGraphics.framework; sourceTree = SDKROOT; };
		1F8556D814774F510064A80C /* Quiz-Info.plist */ = {isa = PBXFileReference; lastKnownFileType = text.plist.xml; path = "Quiz-Info.plist"; sourceTree = "<group>"; };
		1F8556DA14774F510064A80C /* en */ = {isa = PBXFileReference; lastKnownFileType = text.plist.strings; name = en; path = en.lproj/InfoPlist.strings; sourceTree = "<group>"; };
		1F8556DC14774F510064A80C /* main.m */ = {isa = PBXFileReference; lastKnownFileType = sourcecode.c.objc; path = main.m; sourceTree = "<group>"; };
		1F8556DE14774F510064A80C /* Quiz-Prefix.pch */ = {isa = PBXFileReference; lastKnownFileType = sourcecode.c.h; path = "Quiz-Prefix.pch"; sourceTree = "<group>"; };
		1F8556DF14774F510064A80C /* QuizAppDelegate.h */ = {isa = PBXFileReference; lastKnownFileType = sourcecode.c.h; path = QuizAppDelegate.h; sourceTree = "<group>"; };
		1F8556E014774F510064A80C /* QuizAppDelegate.m */ = {isa = PBXFileReference; lastKnownFileType = sourcecode.c.objc; path = QuizAppDelegate.m; sourceTree = "<group>"; };
		1F8556E314774F510064A80C /* en */ = {isa = PBXFileReference; lastKnownFileType = file.xib; name = en; path = en.lproj/MainWindow.xib; sourceTree = "<group>"; };
/* End PBXFileReference section */

/* Begin PBXFrameworksBuildPhase section */
		1F8556C914774F510064A80C /* Frameworks */ = {
			isa = PBXFrameworksBuildPhase;
			buildActionMask = 2147483647;
			files = (
				1F8556D114774F510064A80C /* UIKit.framework in Frameworks */,
				1F8556D314774F510064A80C /* Foundation.framework in Frameworks */,
				1F8556D514774F510064A80C /* CoreGraphics.framework in Frameworks */,
			);
			runOnlyForDeploymentPostprocessing = 0;
		};
/* End PBXFrameworksBuildPhase section */

/* Begin PBXGroup section */
		1F8556C114774F510064A80C = {
			isa = PBXGroup;
			children = (
				1F8556D614774F510064A80C /* Quiz */,
				1F8556CF14774F510064A80C /* Frameworks */,
				1F8556CD14774F510064A80C /* Products */,
			);
			sourceTree = "<group>";
		};
		1F8556CD14774F510064A80C /* Products */ = {
			isa = PBXGroup;
			children = (
				1F8556CC14774F510064A80C /* Quiz.app */,
			);
			name = Products;
			sourceTree = "<group>";
		};
		1F8556CF14774F510064A80C /* Frameworks */ = {
			isa = PBXGroup;
			children = (
				1F8556D014774F510064A80C /* UIKit.framework */,
				1F8556D214774F510064A80C /* Foundation.framework */,
				1F8556D414774F510064A80C /* CoreGraphics.framework */,
			);
			name = Frameworks;
			sourceTree = "<group>";
		};
		1F8556D614774F510064A80C /* Quiz */ = {
			isa = PBXGroup;
			children = (
				1F8556DF14774F510064A80C /* QuizAppDelegate.h */,
				1F8556E014774F510064A80C /* QuizAppDelegate.m */,
				1F8556E214774F510064A80C /* MainWindow.xib */,
				1F8556D714774F510064A80C /* Supporting Files */,
			);
			path = Quiz;
			sourceTree = "<group>";
		};
		1F8556D714774F510064A80C /* Supporting Files */ = {
			isa = PBXGroup;
			children = (
				1F8556D814774F510064A80C /* Quiz-Info.plist */,
				1F8556D914774F510064A80C /* InfoPlist.strings */,
				1F8556DC14774F510064A80C /* main.m */,
				1F8556DE14774F510064A80C /* Quiz-Prefix.pch */,
			);
			name = "Supporting Files";
			sourceTree = "<group>";
		};
/* End PBXGroup section */

/* Begin PBXNativeTarget section */
		1F8556CB14774F510064A80C /* Quiz */ = {
			isa = PBXNativeTarget;
			buildConfigurationList = 1F8556E714774F510064A80C /* Build configuration list for PBXNativeTarget "Quiz" */;
			buildPhases = (
				1F8556C814774F510064A80C /* Sources */,
				1F8556C914774F510064A80C /* Frameworks */,
				1F8556CA14774F510064A80C /* Resources */,
			);
			buildRules = (
			);
			dependencies = (
			);
			name = Quiz;
			productName = Quiz;
			productReference = 1F8556CC14774F510064A80C /* Quiz.app */;
			productType = "com.apple.product-type.application";
		};
/* End PBXNativeTarget section */

/* Begin PBXProject section */
		1F8556C314774F510064A80C /* Project object */ = {
			isa = PBXProject;
			attributes = {
				ORGANIZATIONNAME = "St. Louis University";
			};
			buildConfigurationList = 1F8556C614774F510064A80C /* Build configuration list for PBXProject "Quiz" */;
			compatibilityVersion = "Xcode 3.2";
			developmentRegion = English;
			hasScannedForEncodings = 0;
			knownRegions = (
				en,
			);
			mainGroup = 1F8556C114774F510064A80C;
			productRefGroup = 1F8556CD14774F510064A80C /* Products */;
			projectDirPath = "";
			projectRoot = "";
			targets = (
				1F8556CB14774F510064A80C /* Quiz */,
			);
		};
/* End PBXProject section */

/* Begin PBXResourcesBuildPhase section */
		1F8556CA14774F510064A80C /* Resources */ = {
			isa = PBXResourcesBuildPhase;
			buildActionMask = 2147483647;
			files = (
				1F8556DB14774F510064A80C /* InfoPlist.strings in Resources */,
				1F8556E414774F510064A80C /* MainWindow.xib in Resources */,
			);
			runOnlyForDeploymentPostprocessing = 0;
		};
/* End PBXResourcesBuildPhase section */

/* Begin PBXSourcesBuildPhase section */
		1F8556C814774F510064A80C /* Sources */ = {
			isa = PBXSourcesBuildPhase;
			buildActionMask = 2147483647;
			files = (
				1F8556DD14774F510064A80C /* main.m in Sources */,
				1F8556E114774F510064A80C /* QuizAppDelegate.m in Sources */,
			);
			runOnlyForDeploymentPostprocessing = 0;
		};
/* End PBXSourcesBuildPhase section */

/* Begin PBXVariantGroup section */
		1F8556D914774F510064A80C /* InfoPlist.strings */ = {
			isa = PBXVariantGroup;
			children = (
				1F8556DA14774F510064A80C /* en */,
			);
			name = InfoPlist.strings;
			sourceTree = "<group>";
		};
		1F8556E214774F510064A80C /* MainWindow.xib */ = {
			isa = PBXVariantGroup;
			children = (
				1F8556E314774F510064A80C /* en */,
			);
			name = MainWindow.xib;
			sourceTree = "<group>";
		};
/* End PBXVariantGroup section */

/* Begin XCBuildConfiguration section */
		1F8556E514774F510064A80C /* Debug */ = {
			isa = XCBuildConfiguration;
			buildSettings = {
				ALWAYS_SEARCH_USER_PATHS = NO;
				ARCHS = "$(ARCHS_STANDARD_32_BIT)";
				"CODE_SIGN_IDENTITY[sdk=iphoneos*]" = "iPhone Developer";
				COPY_PHASE_STRIP = NO;
				GCC_C_LANGUAGE_STANDARD = gnu99;
				GCC_DYNAMIC_NO_PIC = NO;
				GCC_OPTIMIZATION_LEVEL = 0;
				GCC_PREPROCESSOR_DEFINITIONS = (
					"DEBUG=1",
					"$(inherited)",
				);
				GCC_SYMBOLS_PRIVATE_EXTERN = NO;
				GCC_VERSION = com.apple.compilers.llvmgcc42;
				GCC_WARN_ABOUT_MISSING_PROTOTYPES = YES;
				GCC_WARN_ABOUT_RETURN_TYPE = YES;
				GCC_WARN_UNUSED_VARIABLE = YES;
				IPHONEOS_DEPLOYMENT_TARGET = 4.3;
				SDKROOT = iphoneos;
			};
			name = Debug;
		};
		1F8556E614774F510064A80C /* Release */ = {
			isa = XCBuildConfiguration;
			buildSettings = {
				ALWAYS_SEARCH_USER_PATHS = NO;
				ARCHS = "$(ARCHS_STANDARD_32_BIT)";
				"CODE_SIGN_IDENTITY[sdk=iphoneos*]" = "iPhone Developer";
				COPY_PHASE_STRIP = YES;
				GCC_C_LANGUAGE_STANDARD = gnu99;
				GCC_VERSION = com.apple.compilers.llvmgcc42;
				GCC_WARN_ABOUT_MISSING_PROTOTYPES = YES;
				GCC_WARN_ABOUT_RETURN_TYPE = YES;
				GCC_WARN_UNUSED_VARIABLE = YES;
				IPHONEOS_DEPLOYMENT_TARGET = 4.3;
				OTHER_CFLAGS = "-DNS_BLOCK_ASSERTIONS=1";
				SDKROOT = iphoneos;
				VALIDATE_PRODUCT = YES;
			};
			name = Release;
		};
		1F8556E814774F510064A80C /* Debug */ = {
			isa = XCBuildConfiguration;
			buildSettings = {
				GCC_PRECOMPILE_PREFIX_HEADER = YES;
				GCC_PREFIX_HEADER = "Quiz/Quiz-Prefix.pch";
				INFOPLIST_FILE = "Quiz/Quiz-Info.plist";
				PRODUCT_NAME = "$(TARGET_NAME)";
				WRAPPER_EXTENSION = app;
			};
			name = Debug;
		};
		1F8556E914774F510064A80C /* Release */ = {
			isa = XCBuildConfiguration;
			buildSettings = {
				GCC_PRECOMPILE_PREFIX_HEADER = YES;
				GCC_PREFIX_HEADER = "Quiz/Quiz-Prefix.pch";
				INFOPLIST_FILE = "Quiz/Quiz-Info.plist";
				PRODUCT_NAME = "$(TARGET_NAME)";
				WRAPPER_EXTENSION = app;
			};
			name = Release;
		};
/* End XCBuildConfiguration section */

/* Begin XCConfigurationList section */
		1F8556C614774F510064A80C /* Build configuration list for PBXProject "Quiz" */ = {
			isa = XCConfigurationList;
			buildConfigurations = (
				1F8556E514774F510064A80C /* Debug */,
				1F8556E614774F510064A80C /* Release */,
			);
			defaultConfigurationIsVisible = 0;
			defaultConfigurationName = Release;
		};
		1F8556E714774F510064A80C /* Build configuration list for PBXNativeTarget "Quiz" */ = {
			isa = XCConfigurationList;
			buildConfigurations = (
				1F8556E814774F510064A80C /* Debug */,
				1F8556E914774F510064A80C /* Release */,
			);
			defaultConfigurationIsVisible = 0;
		};
/* End XCConfigurationList section */
	};
	rootObject = 1F8556C314774F510064A80C /* Project object */;
}
